
Microsoft Visual Studio Solution File, Format Version 12.00
# Visual Studio Version 17
VisualStudioVersion = 17.11.35312.102
MinimumVisualStudioVersion = 10.0.40219.1
Project("{D2ABAB84-BF74-430A-B69E-9DC6D40DDA17}") = "SSAS_22521113_22521008", "SSAS_22521113_22521008.dwproj", "{2E05C520-2C87-4502-B523-E121571D6BB9}"
EndProject
Global
	GlobalSection(SolutionConfigurationPlatforms) = preSolution
		Development|Default = Development|Default
	EndGlobalSection
	GlobalSection(ProjectConfigurationPlatforms) = postSolution
		{2E05C520-2C87-4502-B523-E121571D6BB9}.Development|Default.ActiveCfg = Development
		{2E05C520-2C87-4502-B523-E121571D6BB9}.Development|Default.Build.0 = Development
		{2E05C520-2C87-4502-B523-E121571D6BB9}.Development|Default.Deploy.0 = Development
	EndGlobalSection
	GlobalSection(SolutionProperties) = preSolution
		HideSolutionNode = FALSE
	EndGlobalSection
	GlobalSection(ExtensibilityGlobals) = postSolution
		SolutionGuid = {7AAC6670-A7B4-4CD4-A1A5-066390D5EEDD}
	EndGlobalSection
EndGlobal
